
Microsoft Visual Studio Solution File, Format Version 12.00
# Visual Studio 15
VisualStudioVersion = 15.0.27130.2036
MinimumVisualStudioVersion = 10.0.40219.1
Project("{FAE04EC0-301F-11D3-BF4B-00C04F79EFBC}") = "main", "main\main.csproj", "{62C7D47D-8880-49A0-BEE8-4885A6F2EB04}"
EndProject
Project("{00D1A9C2-B5F0-4AF3-8072-F6C62B433612}") = "ARCdb", "ARCdb\ARCdb.sqlproj", "{E79745D2-6C23-41AE-A70C-AC56C95A61CF}"
EndProject
Project("{FAE04EC0-301F-11D3-BF4B-00C04F79EFBC}") = "ARControls", "ARControls\ARControls.csproj", "{62C6DA06-815F-433E-94BB-77DBB85EE245}"
EndProject
Project("{FAE04EC0-301F-11D3-BF4B-00C04F79EFBC}") = "ARCettings", "ARCettings\ARCettings.csproj", "{EC111ECD-8D4B-418D-AA74-FF38FC72F794}"
EndProject
Project("{FAE04EC0-301F-11D3-BF4B-00C04F79EFBC}") = "ARCengine", "ARCengine\ARCengine.csproj", "{6292CFA6-A442-4729-8BEA-47B2E6A149AE}"
EndProject
Project("{FAE04EC0-301F-11D3-BF4B-00C04F79EFBC}") = "ARCdal", "ARCdal\ARCdal.csproj", "{C70C20B8-5FC4-42CA-B93C-21EE55FE131B}"
EndProject
Project("{FAE04EC0-301F-11D3-BF4B-00C04F79EFBC}") = "ARCdataTier", "DataTier\ARCdataTier.csproj", "{5FE520EE-C5CD-47F7-984E-53A18CE5DAD3}"
EndProject
Project("{FAE04EC0-301F-11D3-BF4B-00C04F79EFBC}") = "ARCbusinessTier", "ARCbusinessTier\ARCbusinessTier.csproj", "{DEC72875-4BAC-4DC2-8235-16EFF10ED4CC}"
EndProject
Project("{FAE04EC0-301F-11D3-BF4B-00C04F79EFBC}") = "Test", "Test\Test.csproj", "{0CAFED9F-CBC4-46DD-863D-C64AAD1D2FEA}"
EndProject
Global
	GlobalSection(SolutionConfigurationPlatforms) = preSolution
		Debug|Any CPU = Debug|Any CPU
		Release|Any CPU = Release|Any CPU
	EndGlobalSection
	GlobalSection(ProjectConfigurationPlatforms) = postSolution
		{62C7D47D-8880-49A0-BEE8-4885A6F2EB04}.Debug|Any CPU.ActiveCfg = Debug|Any CPU
		{62C7D47D-8880-49A0-BEE8-4885A6F2EB04}.Debug|Any CPU.Build.0 = Debug|Any CPU
		{62C7D47D-8880-49A0-BEE8-4885A6F2EB04}.Release|Any CPU.ActiveCfg = Release|Any CPU
		{62C7D47D-8880-49A0-BEE8-4885A6F2EB04}.Release|Any CPU.Build.0 = Release|Any CPU
		{E79745D2-6C23-41AE-A70C-AC56C95A61CF}.Debug|Any CPU.ActiveCfg = Debug|Any CPU
		{E79745D2-6C23-41AE-A70C-AC56C95A61CF}.Release|Any CPU.ActiveCfg = Release|Any CPU
		{E79745D2-6C23-41AE-A70C-AC56C95A61CF}.Release|Any CPU.Build.0 = Release|Any CPU
		{E79745D2-6C23-41AE-A70C-AC56C95A61CF}.Release|Any CPU.Deploy.0 = Release|Any CPU
		{62C6DA06-815F-433E-94BB-77DBB85EE245}.Debug|Any CPU.ActiveCfg = Debug|Any CPU
		{62C6DA06-815F-433E-94BB-77DBB85EE245}.Debug|Any CPU.Build.0 = Debug|Any CPU
		{62C6DA06-815F-433E-94BB-77DBB85EE245}.Release|Any CPU.ActiveCfg = Release|Any CPU
		{62C6DA06-815F-433E-94BB-77DBB85EE245}.Release|Any CPU.Build.0 = Release|Any CPU
		{EC111ECD-8D4B-418D-AA74-FF38FC72F794}.Debug|Any CPU.ActiveCfg = Debug|Any CPU
		{EC111ECD-8D4B-418D-AA74-FF38FC72F794}.Debug|Any CPU.Build.0 = Debug|Any CPU
		{EC111ECD-8D4B-418D-AA74-FF38FC72F794}.Release|Any CPU.ActiveCfg = Release|Any CPU
		{EC111ECD-8D4B-418D-AA74-FF38FC72F794}.Release|Any CPU.Build.0 = Release|Any CPU
		{6292CFA6-A442-4729-8BEA-47B2E6A149AE}.Debug|Any CPU.ActiveCfg = Debug|Any CPU
		{6292CFA6-A442-4729-8BEA-47B2E6A149AE}.Debug|Any CPU.Build.0 = Debug|Any CPU
		{6292CFA6-A442-4729-8BEA-47B2E6A149AE}.Release|Any CPU.ActiveCfg = Release|Any CPU
		{6292CFA6-A442-4729-8BEA-47B2E6A149AE}.Release|Any CPU.Build.0 = Release|Any CPU
		{C70C20B8-5FC4-42CA-B93C-21EE55FE131B}.Debug|Any CPU.ActiveCfg = Debug|Any CPU
		{C70C20B8-5FC4-42CA-B93C-21EE55FE131B}.Debug|Any CPU.Build.0 = Debug|Any CPU
		{C70C20B8-5FC4-42CA-B93C-21EE55FE131B}.Release|Any CPU.ActiveCfg = Release|Any CPU
		{C70C20B8-5FC4-42CA-B93C-21EE55FE131B}.Release|Any CPU.Build.0 = Release|Any CPU
		{5FE520EE-C5CD-47F7-984E-53A18CE5DAD3}.Debug|Any CPU.ActiveCfg = Debug|Any CPU
		{5FE520EE-C5CD-47F7-984E-53A18CE5DAD3}.Debug|Any CPU.Build.0 = Debug|Any CPU
		{5FE520EE-C5CD-47F7-984E-53A18CE5DAD3}.Release|Any CPU.ActiveCfg = Release|Any CPU
		{5FE520EE-C5CD-47F7-984E-53A18CE5DAD3}.Release|Any CPU.Build.0 = Release|Any CPU
		{DEC72875-4BAC-4DC2-8235-16EFF10ED4CC}.Debug|Any CPU.ActiveCfg = Debug|Any CPU
		{DEC72875-4BAC-4DC2-8235-16EFF10ED4CC}.Debug|Any CPU.Build.0 = Debug|Any CPU
		{DEC72875-4BAC-4DC2-8235-16EFF10ED4CC}.Release|Any CPU.ActiveCfg = Release|Any CPU
		{DEC72875-4BAC-4DC2-8235-16EFF10ED4CC}.Release|Any CPU.Build.0 = Release|Any CPU
		{0CAFED9F-CBC4-46DD-863D-C64AAD1D2FEA}.Debug|Any CPU.ActiveCfg = Debug|Any CPU
		{0CAFED9F-CBC4-46DD-863D-C64AAD1D2FEA}.Debug|Any CPU.Build.0 = Debug|Any CPU
		{0CAFED9F-CBC4-46DD-863D-C64AAD1D2FEA}.Release|Any CPU.ActiveCfg = Release|Any CPU
		{0CAFED9F-CBC4-46DD-863D-C64AAD1D2FEA}.Release|Any CPU.Build.0 = Release|Any CPU
	EndGlobalSection
	GlobalSection(SolutionProperties) = preSolution
		HideSolutionNode = FALSE
	EndGlobalSection
	GlobalSection(ExtensibilityGlobals) = postSolution
		SolutionGuid = {59AC5F74-859A-4A61-9E0B-9314B3709684}
	EndGlobalSection
EndGlobal
